
Microsoft Visual Studio Solution File, Format Version 12.00
# Visual Studio Version 17
VisualStudioVersion = 17.9.34714.143
MinimumVisualStudioVersion = 10.0.40219.1
Project("{FAE04EC0-301F-11D3-BF4B-00C04F79EFBC}") = "NoiseNoice", "NoiseNoice\NoiseNoice.csproj", "{7AC25E3C-DA62-428C-8CEE-88957FA57AEF}"
EndProject
Global
	GlobalSection(SolutionConfigurationPlatforms) = preSolution
		Debug|Any CPU = Debug|Any CPU
		Release|Any CPU = Release|Any CPU
	EndGlobalSection
	GlobalSection(ProjectConfigurationPlatforms) = postSolution
		{7AC25E3C-DA62-428C-8CEE-88957FA57AEF}.Debug|Any CPU.ActiveCfg = Debug|Any CPU
		{7AC25E3C-DA62-428C-8CEE-88957FA57AEF}.Debug|Any CPU.Build.0 = Debug|Any CPU
		{7AC25E3C-DA62-428C-8CEE-88957FA57AEF}.Release|Any CPU.ActiveCfg = Release|Any CPU
		{7AC25E3C-DA62-428C-8CEE-88957FA57AEF}.Release|Any CPU.Build.0 = Release|Any CPU
	EndGlobalSection
	GlobalSection(SolutionProperties) = preSolution
		HideSolutionNode = FALSE
	EndGlobalSection
	GlobalSection(ExtensibilityGlobals) = postSolution
		SolutionGuid = {0DB49F90-396C-48C6-8ABE-04F4DB01E9A5}
	EndGlobalSection
EndGlobal
